
Microsoft Visual Studio Solution File, Format Version 12.00
# Visual Studio Version 17
VisualStudioVersion = 17.0.31903.59
MinimumVisualStudioVersion = 10.0.40219.1
Project("{2150E333-8FDC-42A3-9474-1A3956D46DE8}") = "src", "src", "{827E0CD3-B72D-47B6-A68D-7590B98EB39B}"
EndProject
Project("{FAE04EC0-301F-11D3-BF4B-00C04F79EFBC}") = "ShipExtract.UI", "src\ShipExtract.UI\ShipExtract.UI.csproj", "{018FCAE4-0D0C-4981-9A67-9B9232D956C9}"
EndProject
Project("{FAE04EC0-301F-11D3-BF4B-00C04F79EFBC}") = "ShipExtract.Application", "src\ShipExtract.Application\ShipExtract.Application.csproj", "{57B9C519-A24E-4764-8A80-7CCA3CC6E854}"
EndProject
Project("{FAE04EC0-301F-11D3-BF4B-00C04F79EFBC}") = "ShipExtract.Domain", "src\ShipExtract.Domain\ShipExtract.Domain.csproj", "{0E50AA46-2EBC-4E48-AAFC-DBD9A7627CDC}"
EndProject
Project("{FAE04EC0-301F-11D3-BF4B-00C04F79EFBC}") = "ShipExtract.Infrastructure", "src\ShipExtract.Infrastructure\ShipExtract.Infrastructure.csproj", "{97CA016B-E253-4332-99B9-FD17A4B59B59}"
EndProject
Project("{2150E333-8FDC-42A3-9474-1A3956D46DE8}") = "tests", "tests", "{0AB3BF05-4346-4AA6-1389-037BE0695223}"
EndProject
Project("{FAE04EC0-301F-11D3-BF4B-00C04F79EFBC}") = "ShipExtract.Domain.Tests", "tests\ShipExtract.Domain.Tests\ShipExtract.Domain.Tests.csproj", "{FD7DE9C4-37F1-44BE-8FC2-152703D48BCB}"
EndProject
Project("{FAE04EC0-301F-11D3-BF4B-00C04F79EFBC}") = "ShipExtract.Application.Tests", "tests\ShipExtract.Application.Tests\ShipExtract.Application.Tests.csproj", "{64A47B98-33AD-419F-8019-12E6247905D8}"
EndProject
Project("{FAE04EC0-301F-11D3-BF4B-00C04F79EFBC}") = "ShipExtract.Infrastructure.Tests", "tests\ShipExtract.Infrastructure.Tests\ShipExtract.Infrastructure.Tests.csproj", "{4EFC1008-B08A-45BB-9357-BF37B89745A4}"
EndProject
Global
	GlobalSection(SolutionConfigurationPlatforms) = preSolution
		Debug|Any CPU = Debug|Any CPU
		Debug|x64 = Debug|x64
		Debug|x86 = Debug|x86
		Release|Any CPU = Release|Any CPU
		Release|x64 = Release|x64
		Release|x86 = Release|x86
	EndGlobalSection
	GlobalSection(ProjectConfigurationPlatforms) = postSolution
		{018FCAE4-0D0C-4981-9A67-9B9232D956C9}.Debug|Any CPU.ActiveCfg = Debug|Any CPU
		{018FCAE4-0D0C-4981-9A67-9B9232D956C9}.Debug|Any CPU.Build.0 = Debug|Any CPU
		{018FCAE4-0D0C-4981-9A67-9B9232D956C9}.Debug|x64.ActiveCfg = Debug|Any CPU
		{018FCAE4-0D0C-4981-9A67-9B9232D956C9}.Debug|x64.Build.0 = Debug|Any CPU
		{018FCAE4-0D0C-4981-9A67-9B9232D956C9}.Debug|x86.ActiveCfg = Debug|Any CPU
		{018FCAE4-0D0C-4981-9A67-9B9232D956C9}.Debug|x86.Build.0 = Debug|Any CPU
		{018FCAE4-0D0C-4981-9A67-9B9232D956C9}.Release|Any CPU.ActiveCfg = Release|Any CPU
		{018FCAE4-0D0C-4981-9A67-9B9232D956C9}.Release|Any CPU.Build.0 = Release|Any CPU
		{018FCAE4-0D0C-4981-9A67-9B9232D956C9}.Release|x64.ActiveCfg = Release|Any CPU
		{018FCAE4-0D0C-4981-9A67-9B9232D956C9}.Release|x64.Build.0 = Release|Any CPU
		{018FCAE4-0D0C-4981-9A67-9B9232D956C9}.Release|x86.ActiveCfg = Release|Any CPU
		{018FCAE4-0D0C-4981-9A67-9B9232D956C9}.Release|x86.Build.0 = Release|Any CPU
		{57B9C519-A24E-4764-8A80-7CCA3CC6E854}.Debug|Any CPU.ActiveCfg = Debug|Any CPU
		{57B9C519-A24E-4764-8A80-7CCA3CC6E854}.Debug|Any CPU.Build.0 = Debug|Any CPU
		{57B9C519-A24E-4764-8A80-7CCA3CC6E854}.Debug|x64.ActiveCfg = Debug|Any CPU
		{57B9C519-A24E-4764-8A80-7CCA3CC6E854}.Debug|x64.Build.0 = Debug|Any CPU
		{57B9C519-A24E-4764-8A80-7CCA3CC6E854}.Debug|x86.ActiveCfg = Debug|Any CPU
		{57B9C519-A24E-4764-8A80-7CCA3CC6E854}.Debug|x86.Build.0 = Debug|Any CPU
		{57B9C519-A24E-4764-8A80-7CCA3CC6E854}.Release|Any CPU.ActiveCfg = Release|Any CPU
		{57B9C519-A24E-4764-8A80-7CCA3CC6E854}.Release|Any CPU.Build.0 = Release|Any CPU
		{57B9C519-A24E-4764-8A80-7CCA3CC6E854}.Release|x64.ActiveCfg = Release|Any CPU
		{57B9C519-A24E-4764-8A80-7CCA3CC6E854}.Release|x64.Build.0 = Release|Any CPU
		{57B9C519-A24E-4764-8A80-7CCA3CC6E854}.Release|x86.ActiveCfg = Release|Any CPU
		{57B9C519-A24E-4764-8A80-7CCA3CC6E854}.Release|x86.Build.0 = Release|Any CPU
		{0E50AA46-2EBC-4E48-AAFC-DBD9A7627CDC}.Debug|Any CPU.ActiveCfg = Debug|Any CPU
		{0E50AA46-2EBC-4E48-AAFC-DBD9A7627CDC}.Debug|Any CPU.Build.0 = Debug|Any CPU
		{0E50AA46-2EBC-4E48-AAFC-DBD9A7627CDC}.Debug|x64.ActiveCfg = Debug|Any CPU
		{0E50AA46-2EBC-4E48-AAFC-DBD9A7627CDC}.Debug|x64.Build.0 = Debug|Any CPU
		{0E50AA46-2EBC-4E48-AAFC-DBD9A7627CDC}.Debug|x86.ActiveCfg = Debug|Any CPU
		{0E50AA46-2EBC-4E48-AAFC-DBD9A7627CDC}.Debug|x86.Build.0 = Debug|Any CPU
		{0E50AA46-2EBC-4E48-AAFC-DBD9A7627CDC}.Release|Any CPU.ActiveCfg = Release|Any CPU
		{0E50AA46-2EBC-4E48-AAFC-DBD9A7627CDC}.Release|Any CPU.Build.0 = Release|Any CPU
		{0E50AA46-2EBC-4E48-AAFC-DBD9A7627CDC}.Release|x64.ActiveCfg = Release|Any CPU
		{0E50AA46-2EBC-4E48-AAFC-DBD9A7627CDC}.Release|x64.Build.0 = Release|Any CPU
		{0E50AA46-2EBC-4E48-AAFC-DBD9A7627CDC}.Release|x86.ActiveCfg = Release|Any CPU
		{0E50AA46-2EBC-4E48-AAFC-DBD9A7627CDC}.Release|x86.Build.0 = Release|Any CPU
		{97CA016B-E253-4332-99B9-FD17A4B59B59}.Debug|Any CPU.ActiveCfg = Debug|Any CPU
		{97CA016B-E253-4332-99B9-FD17A4B59B59}.Debug|Any CPU.Build.0 = Debug|Any CPU
		{97CA016B-E253-4332-99B9-FD17A4B59B59}.Debug|x64.ActiveCfg = Debug|Any CPU
		{97CA016B-E253-4332-99B9-FD17A4B59B59}.Debug|x64.Build.0 = Debug|Any CPU
		{97CA016B-E253-4332-99B9-FD17A4B59B59}.Debug|x86.ActiveCfg = Debug|Any CPU
		{97CA016B-E253-4332-99B9-FD17A4B59B59}.Debug|x86.Build.0 = Debug|Any CPU
		{97CA016B-E253-4332-99B9-FD17A4B59B59}.Release|Any CPU.ActiveCfg = Release|Any CPU
		{97CA016B-E253-4332-99B9-FD17A4B59B59}.Release|Any CPU.Build.0 = Release|Any CPU
		{97CA016B-E253-4332-99B9-FD17A4B59B59}.Release|x64.ActiveCfg = Release|Any CPU
		{97CA016B-E253-4332-99B9-FD17A4B59B59}.Release|x64.Build.0 = Release|Any CPU
		{97CA016B-E253-4332-99B9-FD17A4B59B59}.Release|x86.ActiveCfg = Release|Any CPU
		{97CA016B-E253-4332-99B9-FD17A4B59B59}.Release|x86.Build.0 = Release|Any CPU
		{FD7DE9C4-37F1-44BE-8FC2-152703D48BCB}.Debug|Any CPU.ActiveCfg = Debug|Any CPU
		{FD7DE9C4-37F1-44BE-8FC2-152703D48BCB}.Debug|Any CPU.Build.0 = Debug|Any CPU
		{FD7DE9C4-37F1-44BE-8FC2-152703D48BCB}.Debug|x64.ActiveCfg = Debug|Any CPU
		{FD7DE9C4-37F1-44BE-8FC2-152703D48BCB}.Debug|x64.Build.0 = Debug|Any CPU
		{FD7DE9C4-37F1-44BE-8FC2-152703D48BCB}.Debug|x86.ActiveCfg = Debug|Any CPU
		{FD7DE9C4-37F1-44BE-8FC2-152703D48BCB}.Debug|x86.Build.0 = Debug|Any CPU
		{FD7DE9C4-37F1-44BE-8FC2-152703D48BCB}.Release|Any CPU.ActiveCfg = Release|Any CPU
		{FD7DE9C4-37F1-44BE-8FC2-152703D48BCB}.Release|Any CPU.Build.0 = Release|Any CPU
		{FD7DE9C4-37F1-44BE-8FC2-152703D48BCB}.Release|x64.ActiveCfg = Release|Any CPU
		{FD7DE9C4-37F1-44BE-8FC2-152703D48BCB}.Release|x64.Build.0 = Release|Any CPU
		{FD7DE9C4-37F1-44BE-8FC2-152703D48BCB}.Release|x86.ActiveCfg = Release|Any CPU
		{FD7DE9C4-37F1-44BE-8FC2-152703D48BCB}.Release|x86.Build.0 = Release|Any CPU
		{64A47B98-33AD-419F-8019-12E6247905D8}.Debug|Any CPU.ActiveCfg = Debug|Any CPU
		{64A47B98-33AD-419F-8019-12E6247905D8}.Debug|Any CPU.Build.0 = Debug|Any CPU
		{64A47B98-33AD-419F-8019-12E6247905D8}.Debug|x64.ActiveCfg = Debug|Any CPU
		{64A47B98-33AD-419F-8019-12E6247905D8}.Debug|x64.Build.0 = Debug|Any CPU
		{64A47B98-33AD-419F-8019-12E6247905D8}.Debug|x86.ActiveCfg = Debug|Any CPU
		{64A47B98-33AD-419F-8019-12E6247905D8}.Debug|x86.Build.0 = Debug|Any CPU
		{64A47B98-33AD-419F-8019-12E6247905D8}.Release|Any CPU.ActiveCfg = Release|Any CPU
		{64A47B98-33AD-419F-8019-12E6247905D8}.Release|Any CPU.Build.0 = Release|Any CPU
		{64A47B98-33AD-419F-8019-12E6247905D8}.Release|x64.ActiveCfg = Release|Any CPU
		{64A47B98-33AD-419F-8019-12E6247905D8}.Release|x64.Build.0 = Release|Any CPU
		{64A47B98-33AD-419F-8019-12E6247905D8}.Release|x86.ActiveCfg = Release|Any CPU
		{64A47B98-33AD-419F-8019-12E6247905D8}.Release|x86.Build.0 = Release|Any CPU
		{4EFC1008-B08A-45BB-9357-BF37B89745A4}.Debug|Any CPU.ActiveCfg = Debug|Any CPU
		{4EFC1008-B08A-45BB-9357-BF37B89745A4}.Debug|Any CPU.Build.0 = Debug|Any CPU
		{4EFC1008-B08A-45BB-9357-BF37B89745A4}.Debug|x64.ActiveCfg = Debug|Any CPU
		{4EFC1008-B08A-45BB-9357-BF37B89745A4}.Debug|x64.Build.0 = Debug|Any CPU
		{4EFC1008-B08A-45BB-9357-BF37B89745A4}.Debug|x86.ActiveCfg = Debug|Any CPU
		{4EFC1008-B08A-45BB-9357-BF37B89745A4}.Debug|x86.Build.0 = Debug|Any CPU
		{4EFC1008-B08A-45BB-9357-BF37B89745A4}.Release|Any CPU.ActiveCfg = Release|Any CPU
		{4EFC1008-B08A-45BB-9357-BF37B89745A4}.Release|Any CPU.Build.0 = Release|Any CPU
		{4EFC1008-B08A-45BB-9357-BF37B89745A4}.Release|x64.ActiveCfg = Release|Any CPU
		{4EFC1008-B08A-45BB-9357-BF37B89745A4}.Release|x64.Build.0 = Release|Any CPU
		{4EFC1008-B08A-45BB-9357-BF37B89745A4}.Release|x86.ActiveCfg = Release|Any CPU
		{4EFC1008-B08A-45BB-9357-BF37B89745A4}.Release|x86.Build.0 = Release|Any CPU
	EndGlobalSection
	GlobalSection(SolutionProperties) = preSolution
		HideSolutionNode = FALSE
	EndGlobalSection
	GlobalSection(NestedProjects) = preSolution
		{018FCAE4-0D0C-4981-9A67-9B9232D956C9} = {827E0CD3-B72D-47B6-A68D-7590B98EB39B}
		{57B9C519-A24E-4764-8A80-7CCA3CC6E854} = {827E0CD3-B72D-47B6-A68D-7590B98EB39B}
		{0E50AA46-2EBC-4E48-AAFC-DBD9A7627CDC} = {827E0CD3-B72D-47B6-A68D-7590B98EB39B}
		{97CA016B-E253-4332-99B9-FD17A4B59B59} = {827E0CD3-B72D-47B6-A68D-7590B98EB39B}
		{FD7DE9C4-37F1-44BE-8FC2-152703D48BCB} = {0AB3BF05-4346-4AA6-1389-037BE0695223}
		{64A47B98-33AD-419F-8019-12E6247905D8} = {0AB3BF05-4346-4AA6-1389-037BE0695223}
		{4EFC1008-B08A-45BB-9357-BF37B89745A4} = {0AB3BF05-4346-4AA6-1389-037BE0695223}
	EndGlobalSection
EndGlobal
